<?xml version="1.0" encoding="utf-8"?>
<Project ToolsVersion="4.0" xmlns="http://schemas.microsoft.com/developer/msbuild/2003">
  <ItemGroup>
    <Filter Include="Source Files">
      <UniqueIdentifier>{4FC737F1-C7A5-4376-A066-2A32D752A2FF}</UniqueIdentifier>
      <Extensions>cpp;c;cc;cxx;c++;cppm;ixx;def;odl;idl;hpj;bat;asm;asmx</Extensions>
    </Filter>
    <Filter Include="Header Files">
      <UniqueIdentifier>{93995380-89BD-4b04-88EB-625FBE52EBFB}</UniqueIdentifier>
      <Extensions>h;hh;hpp;hxx;h++;hm;inl;inc;ipp;xsd</Extensions>
    </Filter>
    <Filter Include="Resource Files">
      <UniqueIdentifier>{67DA6AB6-F800-4c08-8B7A-83BB121AAD01}</UniqueIdentifier>
      <Extensions>rc;ico;cur;bmp;dlg;rc2;rct;bin;rgs;gif;jpg;jpeg;jpe;resx;tiff;tif;png;wav;mfcribbon-ms</Extensions>
    </Filter>
    <Filter Include="Ryujin">
      <UniqueIdentifier>{75c5a07c-f3a0-4780-a2d6-82b6c759efbb}</UniqueIdentifier>
    </Filter>
    <Filter Include="Ryujin\Models">
      <UniqueIdentifier>{cf207520-50f1-4f26-9b7d-0a6ad7fd1fb1}</UniqueIdentifier>
    </Filter>
    <Filter Include="Ryujin\PDB">
      <UniqueIdentifier>{81beb1cb-a0b6-4118-8a39-bd558f8f5522}</UniqueIdentifier>
    </Filter>
    <Filter Include="Ryujin\RyujinCore">
      <UniqueIdentifier>{49f30cd7-8ed7-42f3-b599-9f7fddf5c547}</UniqueIdentifier>
    </Filter>
    <Filter Include="Ryujin\Utils">
      <UniqueIdentifier>{4284f652-8f94-493b-acb5-178e17622669}</UniqueIdentifier>
    </Filter>
  </ItemGroup>
  <ItemGroup>
    <ClInclude Include="Ryujin\Ryujin.h">
      <Filter>Ryujin</Filter>
    </ClInclude>
    <ClInclude Include="Ryujin\Models\RyujinBasicBlock.h">
      <Filter>Ryujin\Models</Filter>
    </ClInclude>
    <ClInclude Include="Ryujin\Models\RyujinInstruction.h">
      <Filter>Ryujin\Models</Filter>
    </ClInclude>
    <ClInclude Include="Ryujin\Models\RyujinObfuscatorConfig.h">
      <Filter>Ryujin\Models</Filter>
    </ClInclude>
    <ClInclude Include="Ryujin\Models\RyujinProcedure.h">
      <Filter>Ryujin\Models</Filter>
    </ClInclude>
    <ClInclude Include="Ryujin\Utils\RyujinPESections.h">
      <Filter>Ryujin\Utils</Filter>
    </ClInclude>
    <ClInclude Include="Ryujin\Utils\RyujinUtils.h">
      <Filter>Ryujin\Utils</Filter>
    </ClInclude>
    <ClInclude Include="Ryujin\RyujinCore\BasicBlockerBuilder.h">
      <Filter>Ryujin\RyujinCore</Filter>
    </ClInclude>
    <ClInclude Include="Ryujin\RyujinCore\RyujinObfuscationCore.h">
      <Filter>Ryujin\RyujinCore</Filter>
    </ClInclude>
    <ClInclude Include="Ryujin\PDB\RyujinPdbParsing.h">
      <Filter>Ryujin\PDB</Filter>
    </ClInclude>
    <ClInclude Include="RyujinCore.h">
      <Filter>Ryujin</Filter>
    </ClInclude>
    <ClInclude Include="Ryujin\Utils\RyujinCRC32Utils.h">
      <Filter>Ryujin\Utils</Filter>
    </ClInclude>
  </ItemGroup>
  <ItemGroup>
    <ClCompile Include="RyujinCore.cpp">
      <Filter>Source Files</Filter>
    </ClCompile>
    <ClCompile Include="dllmain.cpp">
      <Filter>Source Files</Filter>
    </ClCompile>
    <ClCompile Include="Ryujin\Ryujin.cpp">
      <Filter>Ryujin</Filter>
    </ClCompile>
    <ClCompile Include="Ryujin\Utils\RyujinPESections.cpp">
      <Filter>Ryujin\Utils</Filter>
    </ClCompile>
    <ClCompile Include="Ryujin\Utils\RyujinUtils.cpp">
      <Filter>Ryujin\Utils</Filter>
    </ClCompile>
    <ClCompile Include="Ryujin\RyujinCore\BasicBlockerBuilder.cpp">
      <Filter>Ryujin\RyujinCore</Filter>
    </ClCompile>
    <ClCompile Include="Ryujin\RyujinCore\RyujinObfuscationCore.cpp">
      <Filter>Ryujin\RyujinCore</Filter>
    </ClCompile>
    <ClCompile Include="Ryujin\Utils\RyujinCRC32Utils.cpp">
      <Filter>Ryujin\Utils</Filter>
    </ClCompile>
  </ItemGroup>
  <ItemGroup>
    <None Include="Ryujin.def">
      <Filter>Source Files</Filter>
    </None>
  </ItemGroup>
</Project>