<?xml version="1.0" encoding="utf-8"?>
<Project ToolsVersion="4.0" xmlns="http://schemas.microsoft.com/developer/msbuild/2003">
  <ItemGroup>
    <Filter Include="Source Files">
      <UniqueIdentifier>{4FC737F1-C7A5-4376-A066-2A32D752A2FF}</UniqueIdentifier>
      <Extensions>cpp;c;cc;cxx;c++;cppm;ixx;def;odl;idl;hpj;bat;asm;asmx</Extensions>
    </Filter>
    <Filter Include="Header Files">
      <UniqueIdentifier>{93995380-89BD-4b04-88EB-625FBE52EBFB}</UniqueIdentifier>
      <Extensions>h;hh;hpp;hxx;h++;hm;inl;inc;ipp;xsd</Extensions>
    </Filter>
    <Filter Include="Resource Files">
      <UniqueIdentifier>{67DA6AB6-F800-4c08-8B7A-83BB121AAD01}</UniqueIdentifier>
      <Extensions>rc;ico;cur;bmp;dlg;rc2;rct;bin;rgs;gif;jpg;jpeg;jpe;resx;tiff;tif;png;wav;mfcribbon-ms</Extensions>
    </Filter>
    <Filter Include="Ryujin">
      <UniqueIdentifier>{a6c99d12-960c-49be-b336-4f46735958f6}</UniqueIdentifier>
    </Filter>
    <Filter Include="Ryujin\Utils">
      <UniqueIdentifier>{f30d7f79-63e4-4d53-b9b2-a6e9a867335f}</UniqueIdentifier>
    </Filter>
    <Filter Include="Ryujin\PDB">
      <UniqueIdentifier>{82c4bcff-ab3c-4c0e-b8ee-d04135859e2b}</UniqueIdentifier>
    </Filter>
    <Filter Include="Ryujin\Models">
      <UniqueIdentifier>{df02e440-42fd-4d5d-ace9-62fb1891e33c}</UniqueIdentifier>
    </Filter>
  </ItemGroup>
  <ItemGroup>
    <ClCompile Include="Ryujin\Utils\RyujinUtils.cc">
      <Filter>Ryujin\Utils</Filter>
    </ClCompile>
    <ClCompile Include="Ryujin\Ryujin.cc">
      <Filter>Ryujin</Filter>
    </ClCompile>
    <ClCompile Include="RyujinConsole.cc">
      <Filter>Source Files</Filter>
    </ClCompile>
  </ItemGroup>
  <ItemGroup>
    <ClInclude Include="Ryujin\Models\RyujinBasicBlock.hh">
      <Filter>Ryujin\Models</Filter>
    </ClInclude>
    <ClInclude Include="Ryujin\Models\RyujinInstruction.hh">
      <Filter>Ryujin\Models</Filter>
    </ClInclude>
    <ClInclude Include="Ryujin\Models\RyujinObfuscatorConfig.hh">
      <Filter>Ryujin\Models</Filter>
    </ClInclude>
    <ClInclude Include="Ryujin\Models\RyujinProcedure.hh">
      <Filter>Ryujin\Models</Filter>
    </ClInclude>
    <ClInclude Include="Ryujin\PDB\RyujinPdbParsing.hh">
      <Filter>Ryujin\PDB</Filter>
    </ClInclude>
    <ClInclude Include="Ryujin\Utils\RyujinUtils.hh">
      <Filter>Ryujin\Utils</Filter>
    </ClInclude>
    <ClInclude Include="Ryujin\Ryujin.hh">
      <Filter>Ryujin</Filter>
    </ClInclude>
  </ItemGroup>
</Project>