<?xml version="1.0" encoding="utf-8"?>
<Project ToolsVersion="4.0" xmlns="http://schemas.microsoft.com/developer/msbuild/2003">
  <ItemGroup>
    <Filter Include="Source Files">
      <UniqueIdentifier>{4FC737F1-C7A5-4376-A066-2A32D752A2FF}</UniqueIdentifier>
      <Extensions>cpp;c;cc;cxx;c++;cppm;ixx;def;odl;idl;hpj;bat;asm;asmx</Extensions>
    </Filter>
    <Filter Include="th3rd">
      <UniqueIdentifier>{618b6637-1d52-4832-8991-c207a41fb604}</UniqueIdentifier>
    </Filter>
    <Filter Include="Core Header">
      <UniqueIdentifier>{bd62ddb7-0ef8-419d-b2f2-cb08025256e5}</UniqueIdentifier>
    </Filter>
    <Filter Include="Custom Passes">
      <UniqueIdentifier>{5f9ba3be-d3ae-43b8-8e74-4a34bbae91ba}</UniqueIdentifier>
    </Filter>
  </ItemGroup>
  <ItemGroup>
    <ClCompile Include="RyujinConsole.cpp">
      <Filter>Source Files</Filter>
    </ClCompile>
  </ItemGroup>
  <ItemGroup>
    <ClInclude Include="th3rd\argparse.h">
      <Filter>th3rd</Filter>
    </ClInclude>
    <ClInclude Include="RyujinCore.h">
      <Filter>Core Header</Filter>
    </ClInclude>
    <ClInclude Include="RyujinCustomPasses.h">
      <Filter>Custom Passes</Filter>
    </ClInclude>
  </ItemGroup>
</Project>